
Microsoft Visual Studio Solution File, Format Version 12.00
# Visual Studio Version 17
VisualStudioVersion = 17.5.33414.496
MinimumVisualStudioVersion = 10.0.40219.1
Project("{FAE04EC0-301F-11D3-BF4B-00C04F79EFBC}") = "NewsApp", "NewsApp.csproj", "{D9AAB5F8-C306-4757-BF07-DAB986431CF1}"
EndProject
Global
	GlobalSection(SolutionConfigurationPlatforms) = preSolution
		Debug|Any CPU = Debug|Any CPU
		Release|Any CPU = Release|Any CPU
	EndGlobalSection
	GlobalSection(ProjectConfigurationPlatforms) = postSolution
		{D9AAB5F8-C306-4757-BF07-DAB986431CF1}.Debug|Any CPU.ActiveCfg = Debug|Any CPU
		{D9AAB5F8-C306-4757-BF07-DAB986431CF1}.Debug|Any CPU.Build.0 = Debug|Any CPU
		{D9AAB5F8-C306-4757-BF07-DAB986431CF1}.Release|Any CPU.ActiveCfg = Release|Any CPU
		{D9AAB5F8-C306-4757-BF07-DAB986431CF1}.Release|Any CPU.Build.0 = Release|Any CPU
	EndGlobalSection
	GlobalSection(SolutionProperties) = preSolution
		HideSolutionNode = FALSE
	EndGlobalSection
	GlobalSection(ExtensibilityGlobals) = postSolution
		SolutionGuid = {5526A96E-3C16-43FF-BE16-00921C0B293B}
	EndGlobalSection
EndGlobal
